<?xml version="1.0" encoding="utf-8"?>
<Project ToolsVersion="4.0" xmlns="http://schemas.microsoft.com/developer/msbuild/2003">
  <ItemGroup>
    <Filter Include="Source Files">
      <UniqueIdentifier>{4FC737F1-C7A5-4376-A066-2A32D752A2FF}</UniqueIdentifier>
      <Extensions>cpp;c;cc;cxx;def;odl;idl;hpj;bat;asm;asmx</Extensions>
    </Filter>
    <Filter Include="Header Files">
      <UniqueIdentifier>{93995380-89BD-4b04-88EB-625FBE52EBFB}</UniqueIdentifier>
      <Extensions>h;hh;hpp;hxx;hm;inl;inc;ipp;xsd</Extensions>
    </Filter>
    <Filter Include="Resource Files">
      <UniqueIdentifier>{67DA6AB6-F800-4c08-8B7A-83BB121AAD01}</UniqueIdentifier>
      <Extensions>rc;ico;cur;bmp;dlg;rc2;rct;bin;rgs;gif;jpg;jpeg;jpe;resx;tiff;tif;png;wav;mfcribbon-ms</Extensions>
    </Filter>
    <Filter Include="Source Files\Rendering">
      <UniqueIdentifier>{dd23b311-e90c-4bd8-ba7a-28611b5056ae}</UniqueIdentifier>
    </Filter>
    <Filter Include="Source Files\CPU">
      <UniqueIdentifier>{540a99c9-a414-48f9-92e8-a7df10c3675a}</UniqueIdentifier>
    </Filter>
    <Filter Include="Source Files\PPU">
      <UniqueIdentifier>{76cb1d14-bb84-4a79-ad44-f7240aea7c44}</UniqueIdentifier>
    </Filter>
    <Filter Include="Source Files\Cartridge">
      <UniqueIdentifier>{5d6ef6c9-9312-4c30-92f5-c43bd4b2091c}</UniqueIdentifier>
    </Filter>
  </ItemGroup>
  <ItemGroup>
    <ClCompile Include="ControlDeck.cpp">
      <Filter>Source Files</Filter>
    </ClCompile>
    <ClCompile Include="CPU.cpp">
      <Filter>Source Files\CPU</Filter>
    </ClCompile>
    <ClCompile Include="Cartridge.cpp">
      <Filter>Source Files\Cartridge</Filter>
    </ClCompile>
    <ClCompile Include="PPU.cpp">
      <Filter>Source Files\PPU</Filter>
    </ClCompile>
  </ItemGroup>
  <ItemGroup>
    <ClInclude Include="Types.h">
      <Filter>Source Files</Filter>
    </ClInclude>
    <ClInclude Include="Common.h">
      <Filter>Source Files</Filter>
    </ClInclude>
    <ClInclude Include="CPU.h">
      <Filter>Source Files\CPU</Filter>
    </ClInclude>
    <ClInclude Include="AddressingMode.h">
      <Filter>Source Files\CPU</Filter>
    </ClInclude>
    <ClInclude Include="ProcessorStatusFlags.h">
      <Filter>Source Files\CPU</Filter>
    </ClInclude>
    <ClInclude Include="Cartridge.h">
      <Filter>Source Files\Cartridge</Filter>
    </ClInclude>
    <ClInclude Include="PPU.h">
      <Filter>Source Files\PPU</Filter>
    </ClInclude>
    <ClInclude Include="PPUCtrl.h">
      <Filter>Source Files\PPU</Filter>
    </ClInclude>
    <ClInclude Include="Palette.h">
      <Filter>Source Files\PPU</Filter>
    </ClInclude>
  </ItemGroup>
</Project>